# This file may be used to create an environment using:
# $ conda create --name <env> --file <this file>
# platform: linux-64
# generated-from: publication/FSDAcceleratingWaveforms/environment.yml
@EXPLICIT
https://conda.anaconda.org/conda-forge/linux-64/_openmp_mutex-4.5-20_gnu.conda#1dd3fffd892081df9726d7eb7e0dea6198962ba775bd88842135a4ddb4deb3c9
https://conda.anaconda.org/conda-forge/linux-64/astropy-base-7.1.0-py313h25c101e_1.conda#08273845e65538d1808b453ea02d6d389d718a4b25892536fe66168d07bba219
https://conda.anaconda.org/conda-forge/linux-64/backports.zstd-1.6.0-py313h18e8e13_0.conda#d7aca2b34335035ef80eaaebff4e5a0ae524b6f3792a82a144d38c4a81f42916
https://conda.anaconda.org/conda-forge/linux-64/brotli-1.2.0-hed03a55_1.conda#e511644d691f05eb12ebe1e971fd6dc3ae55a4df5c253b4e1788b789bdf2dfa6
https://conda.anaconda.org/conda-forge/linux-64/brotli-bin-1.2.0-hb03c661_1.conda#64b137f30b83b1dd61db6c946ae7511657eead59fdf74e84ef0ded219605aa94
https://conda.anaconda.org/conda-forge/linux-64/brotli-python-1.2.0-py313hf159716_1.conda#dadec2879492adede0a9af0191203f9b023f788c18efd45ecac676d424c458ae
https://conda.anaconda.org/conda-forge/linux-64/bzip2-1.0.8-hda65f42_9.conda#0b75d45f0bba3e95dc693336fa51f40ea28c980131fec438afb7ce6118ed05f6
https://conda.anaconda.org/conda-forge/linux-64/c-ares-1.34.8-hb03c661_0.conda#dee93a82d045f9aa8277829aa465224afa3c7a6ac18388de66099b2be7f705e7
https://conda.anaconda.org/conda-forge/linux-64/cffi-1.17.1-py313hfab6e84_0.conda#73cd6199b143a8a6cbf733ce124ed57defc1b9a7eab9b10fd437448caf8eaa45
https://conda.anaconda.org/conda-forge/linux-64/contourpy-1.3.3-py313hc8edb43_4.conda#7f86eb205d2d7fcf2c82654a08c6a240623ac34cb406206b4b1f1afa5cda8e49
https://conda.anaconda.org/conda-forge/linux-64/cryptography-47.0.0-py313heb322e3_0.conda#a017928e4851b0d644c07bb1e7c3129761c3ced700ef5a5d6556434521c2ddd2
https://conda.anaconda.org/conda-forge/linux-64/cython-3.2.9-py313hc80a56d_0.conda#528485b48af0492cf99c52cad13180feb368c272b9cecbc8770bec98d3487aca
https://conda.anaconda.org/conda-forge/linux-64/debugpy-1.8.21-py313h5d5ffb9_0.conda#53e970bdaf730781d6f27b0a47d768287cb90267b69c070f2ae1d8c22b1a6f88
https://conda.anaconda.org/conda-forge/linux-64/fftw-3.3.11-nompi_h3b011a4_100.conda#6fd5d681fba20adaca771f138ac52dbf0a52e0dc2ac31b9ce7406068d102a9a7
https://conda.anaconda.org/conda-forge/linux-64/fonttools-4.63.0-py313h3dea7bd_0.conda#e0029a390d7aef29bd6e7c12a3759f5e0b989930b5781e544ca9bac0abcd8442
https://conda.anaconda.org/conda-forge/linux-64/freetype-2.14.3-ha770c72_0.conda#c934c385889c7836f034039b43b05ccfa98f53c900db03d8411189892ced090b
https://conda.anaconda.org/conda-forge/linux-64/gmp-6.3.0-hac33072_2.conda#309cf4f04fec0c31b6771a5809a1909b4b3154a2208f52351e1ada006f4c750c
https://conda.anaconda.org/conda-forge/linux-64/gmpy2-2.3.0-py313h86d8783_1.conda#911dcf5c1c810b92ae4811505af46672a1b52718bb1c1d1f200d694562362294
https://conda.anaconda.org/conda-forge/linux-64/gsl-2.7-he838d99_0.tar.bz2#132a918b676dd1f533d7c6f95e567abf7081a6ea3251c3280de35ef600e0da87
https://conda.anaconda.org/conda-forge/linux-64/h5py-3.16.0-nompi_py313h253c126_102.conda#4247b5c4921abbdf3d493f55540fe7b4fdb99907c948d2d851f597dad0f737b4
https://conda.anaconda.org/conda-forge/linux-64/hdf5-1.14.6-nompi_h19486de_110.conda#ac57ce3abbda2a82d6192bc36fbd7fe96e867d84c999ef81a3da034dfd01a995
https://conda.anaconda.org/conda-forge/linux-64/icu-78.3-h54a6638_2.conda#d7c260b7e1cf22ce04d6ba8a86eabf4e6c50bc96a5c27fe2ecb32298af3e88eb
https://conda.anaconda.org/conda-forge/linux-64/igwn-ligolw-2.0.1-py313h536fd9c_0.conda#f4048fa766a369420dcdeafbb642206b1aeff8f5e72062680210ee1bd9539dea
https://conda.anaconda.org/conda-forge/linux-64/igwn-segments-2.1.1-py313h466dd7d_2.conda#cbf8a4074eac65a3af2d2022a69657022614c88327934144b275b7f18d84a750
https://conda.anaconda.org/conda-forge/linux-64/keyutils-1.6.3-hb9d3cd8_0.conda#0960d06048a7185d3542d850986d807c6e37ca2e644342dd0c72feefcf26c2a4
https://conda.anaconda.org/conda-forge/linux-64/kiwisolver-1.5.0-py313hc8edb43_0.conda#0447d2901639f295989c5ccba7b1c367ed78b216e0d2705327a8c8a87a31177e
https://conda.anaconda.org/conda-forge/linux-64/krb5-1.22.2-hbde042b_1.conda#9b07046870772f28740e3f6149f09ff222843733087a33c5540b169c6289652d
https://conda.anaconda.org/conda-forge/linux-64/lalsimulation-data-6.2.0-ha770c72_3.conda#fce82bb619c81f8ebcc5e8cc5c219e154d1c2d20cae861c00a0e9904c281deec
https://conda.anaconda.org/conda-forge/linux-64/lcms2-2.19.1-h0c24ade_1.conda#112b5b9462572d970f4abd2912f76a25ee7db158b1e7260163d91dd8a630db84
https://conda.anaconda.org/conda-forge/linux-64/ld_impl_linux-64-2.46.1-default_hbd61a6d_102.conda#27d83f1188cd19bcb7754a078b3fa7f4cfb8527f8eb2fde54dd01fc529d1adec
https://conda.anaconda.org/conda-forge/linux-64/ldas-tools-al-2.8.1-h3785d3f_0.conda#abbb5a5f80bd4cecc59d53ef6590be0b0a77aab3a0409eade3bb5c4b02153799
https://conda.anaconda.org/conda-forge/linux-64/ldas-tools-framecpp-2.9.3-hf21b2af_5.conda#6444712e69604600c8721fcc506f155e18875cc8566fb4c96e8dc73865091e47
https://conda.anaconda.org/conda-forge/linux-64/lerc-4.2.0-hdb68285_0.conda#bf9fdebf55d8bc99d83531cdffda00703f4dc5f93a1a956768c147362c72feda
https://conda.anaconda.org/conda-forge/linux-64/libaec-1.1.5-h088129d_0.conda#822e4ae421a7e9c04e841323526321185f6659222325e1a9aedec811c686e688
https://conda.anaconda.org/conda-forge/linux-64/libblas-3.11.0-8_h4a7cf45_openblas.conda#b2da6bfd72a1c9cb143ccf64bf5b28790cb4eb58bd1cb978f6537b2322f7d48b
https://conda.anaconda.org/conda-forge/linux-64/libboost-1.90.0-hd24cca6_1.conda#fef9f2977ac341fd0fd7802bccffff0f220e4896f6fef29040428071d0aa863b
https://conda.anaconda.org/conda-forge/linux-64/libbrotlicommon-1.2.0-hb03c661_1.conda#318f36bd49ca8ad85e6478bd8506c88d82454cc008c1ac1c6bf00a3c42fa610e
https://conda.anaconda.org/conda-forge/linux-64/libbrotlidec-1.2.0-hb03c661_1.conda#12fff21d38f98bc446d82baa890e01fd82e3b750378fedc720ff93522ffb752b
https://conda.anaconda.org/conda-forge/linux-64/libbrotlienc-1.2.0-hb03c661_1.conda#a0c15c79997820bbd3fbc8ecf146f4fe0eca36cc60b62b63ac6cf78857f1dd0d
https://conda.anaconda.org/conda-forge/linux-64/libcblas-3.11.0-8_h0358290_openblas.conda#1a2bc77bb26520255904a3d9b1f40e6bf0bf9d8d3405c7709dd162282820915a
https://conda.anaconda.org/conda-forge/linux-64/libcurl-8.21.0-hae6b9f4_3.conda#4649ecf9d74893268fbaf748a170ea7bf6cf4493b7ce3c582654b9ffe78c93d3
https://conda.anaconda.org/conda-forge/linux-64/libdeflate-1.25-h17f619e_0.conda#aa8e8c4be9a2e81610ddf574e05b64ee131fab5e0e3693210c9d6d2fba32c680
https://conda.anaconda.org/conda-forge/linux-64/libedit-3.1.20250104-pl5321h7949ede_0.conda#d789471216e7aba3c184cd054ed61ce3f6dac6f87a50ec69291b9297f8c18724
https://conda.anaconda.org/conda-forge/linux-64/libev-4.33-hd590300_2.conda#1cd6048169fa0395af74ed5d8f1716e22c19a81a8a36f934c110ca3ad4dd27b4
https://conda.anaconda.org/conda-forge/linux-64/libexpat-2.8.1-hecca717_1.conda#16feffd9ddbbe5b718515d38ee376c685ba95491cd901244e24671d20b952a77
https://conda.anaconda.org/conda-forge/linux-64/libffi-3.7.0-h3435931_0.conda#ac38603008bf1e99b8ed379b1a656a67a70e2841f2b6a069c630cdf6316012d2
https://conda.anaconda.org/conda-forge/linux-64/libframel-8.48.5-ha02e5fa_0.conda#eff718a2ec302a5168a023e8b10e538edc27dc81e75d5fed57680a34ecf565e6
https://conda.anaconda.org/conda-forge/linux-64/libfreetype-2.14.3-ha770c72_0.conda#38f014a7129e644636e46064ecd6b1945e729c2140e21d75bb476af39e692db2
https://conda.anaconda.org/conda-forge/linux-64/libfreetype6-2.14.3-h73754d4_0.conda#16f020f96da79db1863fcdd8f2b8f4f7d52f177dd4c58601e38e9182e91adf1d
https://conda.anaconda.org/conda-forge/linux-64/libgcc-16.1.0-ha9f2e26_1.conda#d5cb8475131c31680f8fd30512c418f373064e272e452063276a8fb14c9fa42f
https://conda.anaconda.org/conda-forge/linux-64/libgcc-ng-16.1.0-h69a702a_1.conda#225275c562337a1cd61705da0ee4235dde7bba7504de1c34b74c894adb2b0eee
https://conda.anaconda.org/conda-forge/linux-64/libgfortran-16.1.0-h69a702a_1.conda#9e82d410a50bd4e5e47cbbb026454c3eb543954baca4db23929575b571bf56a3
https://conda.anaconda.org/conda-forge/linux-64/libgfortran5-16.1.0-h79bb938_1.conda#05078ab464d506dff971860cb1a553b35bc27c0b5ce8ec29b8bfaca5f2359652
https://conda.anaconda.org/conda-forge/linux-64/libgomp-16.1.0-he0feb66_1.conda#62cb599ad0539d99386515326d9d5e8f51f75a60c69c2131b21df76edf35bd89
https://conda.anaconda.org/conda-forge/linux-64/libjpeg-turbo-3.2.0-hb03c661_0.conda#716332fd31b3808da7a4235a05212a9e9da05e854864c3def2dea0b5d2bf7610
https://conda.anaconda.org/conda-forge/linux-64/liblal-7.7.0-fftw_h0eb8034_104.conda#913f8e497efb7be971048d7a50a36719995effb135b74f12a93da08f1dc086e5
https://conda.anaconda.org/conda-forge/linux-64/liblalframe-3.0.7-hbf9efdd_2.conda#1415be69cd89258994b7b9efe27e417707e921c00659d68895dd6022fe6858b0
https://conda.anaconda.org/conda-forge/linux-64/liblalsimulation-6.2.0-py313h6dd0afd_3.conda#ca7397c9b7dab98ba39f34654014ed855f9e1494b48f24f2cc1cd84724e05f04
https://conda.anaconda.org/conda-forge/linux-64/liblapack-3.11.0-8_h47877c9_openblas.conda#168e327d737059553e15cc6ec36d76b9bbb3931c2a7721555fd68b4c9348b247
https://conda.anaconda.org/conda-forge/linux-64/liblzma-5.8.3-hb03c661_0.conda#ec30e52a3c1bf7d0425380a189d209a52baa03f22fb66dd3eb587acaa765bd6d
https://conda.anaconda.org/conda-forge/linux-64/libmpdec-4.0.0-hb03c661_1.conda#fe171ed5cf5959993d43ff72de7596e8ac2853e9021dec0344e583734f1e0843
https://conda.anaconda.org/conda-forge/linux-64/libnghttp2-1.68.1-h877daf1_0.conda#663444d77a42f2265f54fb8b48c5450bfff4388d9c0f8253dd7855f0d993153f
https://conda.anaconda.org/conda-forge/linux-64/libopenblas-0.3.33-pthreads_h94d23a6_0.conda#3d9aa85648e5e18a6d66db98b8c4317cc426721ad7a220aa86330d1ccedc8903
https://conda.anaconda.org/conda-forge/linux-64/libpng-1.6.58-h421ea60_0.conda#377cfe037f3eeb3b1bf3ad333f724a64d32f315ee1958581fc671891d63d3f89
https://conda.anaconda.org/conda-forge/linux-64/libpsl-0.22.0-hf670292_3.conda#25bac8c350015dd686b61e2ef50fa6aa3fc7393fd5db14046d03a1f571bdf728
https://conda.anaconda.org/conda-forge/linux-64/libsodium-1.0.22-h280c20c_1.conda#b677bbf1c339d894757c3dcfbb2f88649e499e4991d70ae09a1466da9a6c92d6
https://conda.anaconda.org/conda-forge/linux-64/libsqlite-3.53.4-hf4e2dac_0.conda#72023efc207fe681e26b65fc9d668062cf0b4f0eacf3431e6eb099b95c1f2efd
https://conda.anaconda.org/conda-forge/linux-64/libssh2-1.11.1-hcf80075_0.conda#fa39bfd69228a13e553bd24601332b7cfeb30ca11a3ca50bb028108fe90a7661
https://conda.anaconda.org/conda-forge/linux-64/libstdcxx-16.1.0-h934c35e_1.conda#79721dd08aeb0ab9e773f1f9ef41cf4e6c17477e3d72319147619045bce05a09
https://conda.anaconda.org/conda-forge/linux-64/libstdcxx-ng-16.1.0-hdf11a46_1.conda#2876ca4463d1b394eb969ce4a84d1620aa63fb8202a6397837d1e45ec76c1208
https://conda.anaconda.org/conda-forge/linux-64/libtiff-4.7.2-h9d88235_0.conda#b31346e1c01ab40a170e91147092ee8fd92b1dee3c66ee47ef025571c879b159
https://conda.anaconda.org/conda-forge/linux-64/libuuid-2.42.2-h5347b49_0.conda#9b1bdce27a7e31f7d241aeecff67a1f3101d52a2b1e33ccc2cdf2613072bf81f
https://conda.anaconda.org/conda-forge/linux-64/libwebp-base-1.6.0-hd42ef1d_0.conda#3aed21ab28eddffdaf7f804f49be7a7d701e8f0e46c856d801270b470820a37b
https://conda.anaconda.org/conda-forge/linux-64/libxcb-1.17.0-h8a09558_0.conda#666c0c431b23c6cec6e492840b176dde533d48b7e6fb8883f5071223433776aa
https://conda.anaconda.org/conda-forge/linux-64/libzlib-1.3.2-h25fd6f3_3.conda#eb8a0db0aa570124f7d2a93d7c7f596e3390df5e047818d873baad32985fc736
https://conda.anaconda.org/conda-forge/linux-64/ligo-segments-1.4.0-py313h536fd9c_6.conda#ee6b34fc4ad842ec8ba01b5c94f58600494625a69b82f6104ac8f8f0e5690592
https://conda.anaconda.org/conda-forge/linux-64/markupsafe-3.0.3-py313h3dea7bd_1.conda#72ed7c0216541d65a17b171bf2eec4a3b81e9158d8ed48e59e1ecd3ae302d263
https://conda.anaconda.org/conda-forge/linux-64/matplotlib-base-3.10.5-py313h683a580_0.conda#48c12e4682fdb92e2dfa4c4f885e252d0b14168dd4a672a6da376fea551b2e69
https://conda.anaconda.org/conda-forge/linux-64/mpc-1.4.0-he0a73b1_0.conda#c1fdeebc9f8e4f51df265efca4ea20c7a13911193cc255db73cccb6e422ae486
https://conda.anaconda.org/conda-forge/linux-64/mpfr-4.2.2-he0a73b1_0.conda#8690f550a780f75d9c47f7ffc15f5ff1c149d36ac17208e50eda101ca16611b9
https://conda.anaconda.org/conda-forge/linux-64/ncurses-6.6-hdb14827_0.conda#fc89f74bbe362fb29fa3c037697a89bec140b346a2469a90f7936d1d7ea4d8a3
https://conda.anaconda.org/conda-forge/linux-64/numpy-2.3.2-py313hf6604e3_2.conda#dc99944cc1ab9b1939fc94ca0ad3e7629ff4b8fd371a5c94a153e6a66af5aa0d
https://conda.anaconda.org/conda-forge/linux-64/openjpeg-2.5.4-h55fea9a_0.conda#3900f9f2dbbf4129cf3ad6acf4e4b6f7101390b53843591c53b00f034343bc4d
https://conda.anaconda.org/conda-forge/linux-64/openssl-3.6.3-h35e630c_0.conda#d48f5c22b9897c01e4dff3680f1f57ceb02711ab9c62f74339b080419dfad34b
https://conda.anaconda.org/conda-forge/linux-64/pandoc-3.10.1-ha770c72_0.conda#997210def3d20be889988d3e461317edc0f0a7bc665f89fd3407d91c171b8783
https://conda.anaconda.org/conda-forge/linux-64/pillow-12.3.0-py313h80991f8_0.conda#cb3e51a639d19e04d0ea197ff6f6805a40eeef92d762642f28fa1cd1d25f672a
https://conda.anaconda.org/conda-forge/linux-64/pkg-config-0.29.2-h4bc722e_1009.conda#c9601efb1af5391317e04eca77c6fe4d716bf1ca1ad8da2a05d15cb7c28d7d4e
https://conda.anaconda.org/conda-forge/linux-64/psutil-7.2.2-py313h54dd161_0.conda#f19fd682d874689dfde20bf46d7ec1a28084af34583e0405685981363af47c91
https://conda.anaconda.org/conda-forge/linux-64/pthread-stubs-0.4-hb9d3cd8_1002.conda#9c88f8c64590e9567c6c80823f0328e58d3b1efb0e1c539c0315ceca764e0973
https://conda.anaconda.org/conda-forge/linux-64/pycbc-2.9.0-np2py313h73dcb5b_1.conda#f3a4ee47118af552f732ff5d332aab0c83358cbcbd4ea634c4543da06b2533b3
https://conda.anaconda.org/conda-forge/linux-64/pyerfa-2.0.1.5-py310h32771cd_2.conda#a3f25f921be09e15ed6ff46a1ec99ce9cca6affa4a086f6f39ad630e21e48fb7
https://conda.anaconda.org/conda-forge/linux-64/python-3.13.1-ha99a958_105_cp313.conda#d3eb7d0820cf0189103bba1e60e242ffc15fd2f727640ac3a10394b27adf3cca
https://conda.anaconda.org/conda-forge/linux-64/python-lal-7.7.0-fftw_py313h1393123_104.conda#e662ff689e0e1accafea142ed1c920303d7c3ed87e9d9a474f78bf876dc88e26
https://conda.anaconda.org/conda-forge/linux-64/python-lalframe-3.0.7-py313h29aa505_2.conda#d8f8dc7a8e3edeb8077d5d9d9a2eebc65880a03d5bda50bb0e8dcdb59c489f25
https://conda.anaconda.org/conda-forge/linux-64/python-lalsimulation-6.2.0-py313hfcd8003_3.conda#281bad7053b5f66c7864e943c34c75a36266edb0eb6774fcdb89710184c48000
https://conda.anaconda.org/conda-forge/linux-64/python-ligo-lw-1.8.3-py313h536fd9c_4.conda#764307c96580483906d25cc9de615427b17d7ac089e4566248e718edb8e08e93
https://conda.anaconda.org/conda-forge/linux-64/pyyaml-6.0.2-py313h8060acc_2.conda#6826217690cfe92d6d49cdeedb6d63ab32f51107105d6a459d30052a467037a0
https://conda.anaconda.org/conda-forge/linux-64/pyzmq-27.1.0-py312hda471dd_3.conda#970b2a1d12983d8d1cc05d914ad88a0b6ef1fa14038c9649aa834dd6ebee65d7
https://conda.anaconda.org/conda-forge/linux-64/qhull-2020.2-h434a139_5.conda#776363493bad83308ba30bcb88c2552632581b143e8ee25b1982c8c743e73abc
https://conda.anaconda.org/conda-forge/linux-64/readline-8.3-h853b02a_0.conda#12ffde5a6f958e285aa22c191ca01bbd3d6e710aa852e00618fa6ddc59149002
https://conda.anaconda.org/conda-forge/linux-64/regex-2026.7.19-py313h07c4f96_0.conda#509803a927697426d0774a6a90ca593b0cf0e5744d30088934385f8c677ddbf5
https://conda.anaconda.org/conda-forge/linux-64/rpds-py-2026.6.3-py313hafbe609_0.conda#42f2aec0823d8493682a18993912d725a108b5a27a606ad5cf7b41ac307b9575
https://conda.anaconda.org/conda-forge/linux-64/scipy-1.16.0-py313h86fcf2b_0.conda#75bee2b5cb27616bcbd700d42dacc06577b90f1f9e31dc7682f4244867982a78
https://conda.anaconda.org/conda-forge/linux-64/tk-8.6.13-noxft_hd70dff1_3.conda#43624eab22f5f29df7d6ffe914cf442f28fd559b55b290906255492826e636e8
https://conda.anaconda.org/conda-forge/linux-64/tornado-6.5.7-py313h07c4f96_0.conda#ed2f17b2bc92389187b47e7444aa7d6ab6c70c3f3ba6bf2ced508027e60e82cb
https://conda.anaconda.org/conda-forge/linux-64/xorg-libxau-1.0.12-hb03c661_1.conda#6bc6ab7a90a5d8ac94c7e300cc10beb0500eeba4b99822768ca2f2ef356f731b
https://conda.anaconda.org/conda-forge/linux-64/xorg-libxdmcp-1.1.5-hb03c661_1.conda#25d255fb2eef929d21ff660a0c687d38a6d2ccfbcbf0cc6aa738b12af6e9d142
https://conda.anaconda.org/conda-forge/linux-64/yaml-0.2.5-h280c20c_3.conda#6d9ea2f731e284e9316d95fa61869fe7bbba33df7929f82693c121022810f4ad
https://conda.anaconda.org/conda-forge/linux-64/zeromq-4.3.5-h09e67af_11.conda#dc9f28dedcb5f35a127fad2d847674d2833369dd616d294e423b8997df31d8a8
https://conda.anaconda.org/conda-forge/linux-64/zlib-ng-2.3.3-hceb46e0_1.conda#ea4e50c465d70236408cb0bfe0115609fd14db1adcd8bd30d8918e0291f8a75f
https://conda.anaconda.org/conda-forge/linux-64/zstd-1.5.7-hb78ec9c_6.conda#68f0206ca6e98fea941e5717cec780ed2873ffabc0e1ed34428c061e2c6268c7
https://conda.anaconda.org/conda-forge/noarch/_python_abi3_support-1.0-hd8ed1ab_3.conda#2a7204314663eeda5dec482a956f0e2eaf289bd5b9953eaaaad0e81aa64638f2
https://conda.anaconda.org/conda-forge/noarch/astropy-iers-data-0.2026.7.27.0.56.29-pyhd8ed1ab_0.conda#91b9cb5b6e2d9da1ea399f7496c5235aa9b9b9cf0de2ef47b0f5c006426b2b04
https://conda.anaconda.org/conda-forge/noarch/asttokens-3.0.2-pyhd8ed1ab_0.conda#fbbd8ce60cbd5c16f3fe559eb644551f94285caff30985ea961ff851c1cf25ac
https://conda.anaconda.org/conda-forge/noarch/attrs-26.1.0-pyhcf101f3_0.conda#1b6124230bb4e571b1b9401537ecff575b7b109cc3a21ee019f65e083b8399ab
https://conda.anaconda.org/conda-forge/noarch/beautifulsoup4-4.15.0-pyha770c72_0.conda#aed4b9dcf68ec2a75e5645fed14d77fd884d38d2e52bfa6ef4b278d90cd88781
https://conda.anaconda.org/conda-forge/noarch/bleach-6.4.0-pyhcf101f3_0.conda#0c786f3e571bd58ac73d730d06314716663884d848ae320de0b438fae5e0bea9
https://conda.anaconda.org/conda-forge/noarch/bleach-with-css-6.4.0-hac0b51c_0.conda#ede77e412304cd080e23967352a7904932207d0167ecdccd6a9e210530942be6
https://conda.anaconda.org/conda-forge/noarch/ca-certificates-2026.7.22-hbd8a1cb_0.conda#0a0544cf95f64394fe4959286f5c71f5444ad58feb0602e53becb27448d24da6
https://conda.anaconda.org/conda-forge/noarch/cached-property-1.5.2-hd8ed1ab_2.conda#0d00dd61cb91b1bd1536600c64c9db4f94f3c699fec42864d0a2f4bc2ad8c3e8
https://conda.anaconda.org/conda-forge/noarch/cached_property-1.5.2-pyha770c72_2.conda#b1808a7811b5688d045b204425bb7ee824b340b40025b4ad0a39b4db1f4f1c98
https://conda.anaconda.org/conda-forge/noarch/certifi-2026.7.22-pyhd8ed1ab_0.conda#fb167de4388e64e52aa3907ed099afab944c1fa6e5f74b281a312dae1bcf7f3b
https://conda.anaconda.org/conda-forge/noarch/charset-normalizer-3.4.9-pyhd8ed1ab_0.conda#8d8813ef655b4e75e4fb897abd83ad548882efad7b4e836b021b797f42780799
https://conda.anaconda.org/conda-forge/noarch/click-8.4.2-pyhc90fa1f_0.conda#ccc4787f511964f9a1f2d2d2859c91c5d571fb60f7f09d4c4e092c9b7a94e671
https://conda.anaconda.org/conda-forge/noarch/colorama-0.4.6-pyhd8ed1ab_1.conda#ab29d57dc70786c1269633ba3dff20288b81664d3ff8d21af995742e2bb03287
https://conda.anaconda.org/conda-forge/noarch/comm-0.2.3-pyhe01879c_0.conda#576a44729314ad9e4e5ebe055fbf48beb8116b60e58f9070278985b2b634f212
https://conda.anaconda.org/conda-forge/noarch/cpython-3.13.14-py313hd8ed1ab_100.conda#42995d97d7e83d2bedbe8173bc9aa022ea412bf33dd2ff0e3db2c01a5242cd0a
https://conda.anaconda.org/conda-forge/noarch/cycler-0.12.1-pyhcf101f3_2.conda#bb47aec5338695ff8efbddbc669064a3b10fe34ad881fb8ad5d64fbfa6910ed1
https://conda.anaconda.org/conda-forge/noarch/dateparser-1.4.1-pyhd8ed1ab_0.conda#4519800be73315780e77ca61e26440f7c90121c706d6f5d001f67226a2da4b08
https://conda.anaconda.org/conda-forge/noarch/decorator-5.3.1-pyhd8ed1ab_0.conda#430bd9d731b265f0bedb3183ac3ecfaa1656390c092b6e864ff8cc1229843c8c
https://conda.anaconda.org/conda-forge/noarch/defusedxml-0.7.1-pyhd8ed1ab_0.tar.bz2#9717a059677553562a8f38ff07f3b9f61727bd614f505658b0a5ecbcf8df89be
https://conda.anaconda.org/conda-forge/noarch/dqsegdb2-1.3.0-pyhd8ed1ab_0.conda#943d9927e3201123136379cbad784905f7657b631880f7b8fdaca197095d4baa
https://conda.anaconda.org/conda-forge/noarch/exceptiongroup-1.3.1-pyhd8ed1ab_0.conda#ee6cf346d017d954255bbcbdb424cddea4d14e4ed7e9813e429db1d795d01144
https://conda.anaconda.org/conda-forge/noarch/executing-2.2.1-pyhd8ed1ab_0.conda#210c8165a58fdbf16e626aac93cc4c14dbd551a01d1516be5ecad795d2422cad
https://conda.anaconda.org/conda-forge/noarch/future-1.0.0-pyhd8ed1ab_2.conda#45dfd037889b7075c5eb46394f93172de0be0b1624c7f802dd3ecc94b814d8e0
https://conda.anaconda.org/conda-forge/noarch/gwdatafind-2.1.1-pyh707e725_0.conda#3fc49a834431d7fbe40579a9577422c5d820d3cca027da9d4b054013944b2713
https://conda.anaconda.org/conda-forge/noarch/gwosc-0.8.3-pyhd8ed1ab_1.conda#9094de31a658aac438a5a13f8d94af1c9af33cf79321d8a2da74a556fb4e297b
https://conda.anaconda.org/conda-forge/noarch/gwpy-4.0.1-pyhcf101f3_0.conda#ee29b7f28126612f313212d0852e4bac062839cab82d950ea9ab676ccb3b9f58
https://conda.anaconda.org/conda-forge/noarch/h2-4.4.0-pyhcf101f3_0.conda#1bdffcb701cf1f4429733fc2e194995bab5ecc71073d84a434dcfb57049a4265
https://conda.anaconda.org/conda-forge/noarch/hpack-4.2.0-pyhd8ed1ab_0.conda#fdcea5d7cb314485d3907192ef024c704311548c5b0cbeb390cd1951051e29d2
https://conda.anaconda.org/conda-forge/noarch/hyperframe-6.1.0-pyhd8ed1ab_0.conda#77af6f5fe8b62ca07d09ac60127a30d9069fdc3c68d6b256754d0ffb1f7779f8
https://conda.anaconda.org/conda-forge/noarch/idna-3.18-pyhcf101f3_0.conda#c75632ea624aa450a394f570749420c5a2e0997d0216bc29d5d45b0f39df0426
https://conda.anaconda.org/conda-forge/noarch/igwn-auth-utils-1.2.1-pyhd8ed1ab_0.conda#cb3f4ec3f572f77f0c6eed7d971d16394fd2e3eb0ff4d16b09f14c089bc3e470
https://conda.anaconda.org/conda-forge/noarch/importlib-metadata-9.0.0-pyhcf101f3_0.conda#43e2a5497cad1598ff88a3e69f69bc88b7b8f141fa63c60eab5db296317318b8
https://conda.anaconda.org/conda-forge/noarch/iniconfig-2.3.0-pyhd8ed1ab_0.conda#e1a9e3b1c8fe62dc3932a616c284b5d8cbe3124bbfbedcf4ce5c828cb166ee19
https://conda.anaconda.org/conda-forge/noarch/ipykernel-7.3.0-pyha191276_0.conda#305ad9226363ff5f259c404dd9a7508183a2e150739b2adc43db7d817234da66
https://conda.anaconda.org/conda-forge/noarch/ipython-9.15.0-pyh53cf698_0.conda#d9fa14ec35119901bf702a9a3e8a5570daef2aada7d03878e4c24d9de912302b
https://conda.anaconda.org/conda-forge/noarch/ipython_pygments_lexers-1.1.1-pyhd8ed1ab_0.conda#894682a42a7d659ae12878dbcb274516a7031bbea9104e92f8e88c1f2765a104
https://conda.anaconda.org/conda-forge/noarch/jedi-0.20.0-pyhcf101f3_0.conda#744143551c1c7b528b82533fb641b9d7db20b2203abc4c2635c387fa6c089fc3
https://conda.anaconda.org/conda-forge/noarch/jinja2-3.1.6-pyhcf101f3_1.conda#fc9ca7348a4f25fed2079f2153ecdcf5f9cf2a0bc36c4172420ca09e1849df7b
https://conda.anaconda.org/conda-forge/noarch/jsonschema-4.26.0-pyhcf101f3_0.conda#db973a37d75db8e19b5f44bbbdaead0c68dde745407f281e2a7fe4db74ec51d7
https://conda.anaconda.org/conda-forge/noarch/jsonschema-specifications-2025.9.1-pyhcf101f3_0.conda#0a4f3b132f0faca10c89fdf3b60e15abb62ded6fa80aebfc007d05965192aa04
https://conda.anaconda.org/conda-forge/noarch/jupyter_client-8.9.1-pyhcf101f3_0.conda#48b18974cc93b2c0d2681563237034e521f51d1878f0bbc6a5a67ca31b1608a6
https://conda.anaconda.org/conda-forge/noarch/jupyter_core-5.9.1-pyhc90fa1f_0.conda#1d34b80e5bfcd5323f104dbf99a2aafc0e5d823019d626d0dce5d3d356a2a52a
https://conda.anaconda.org/conda-forge/noarch/jupyterlab_pygments-0.3.0-pyhd8ed1ab_2.conda#dc24b900742fdaf1e077d9a3458fd865711de80bca95fe3c6d46610c532c6ef0
https://conda.anaconda.org/conda-forge/noarch/ligo-gracedb-2.15.7-pyhcf101f3_0.conda#13efdfebcdbd05b753f0731364200ba34e217211610ed1390e32bb4f228762f8
https://conda.anaconda.org/conda-forge/noarch/ligotimegps-2.1.0-pyhd8ed1ab_0.conda#15f32bee2a8e2dee908f06a2737ffa73bdcace49fae85b5fb33a02a8f178cb9c
https://conda.anaconda.org/conda-forge/noarch/lscsoft-glue-4.1.1-pyhd8ed1ab_0.conda#7274143fbb34f473bca5f8a1c72c76c9845e00617b6cc9679903b6a574ee6a1b
https://conda.anaconda.org/conda-forge/noarch/mako-1.3.12-pyhcf101f3_0.conda#d06d02574be3892020262464b49360a749c1d448ed9f0de52fe8a08bc1483261
https://conda.anaconda.org/conda-forge/noarch/matplotlib-inline-0.2.2-pyhd8ed1ab_0.conda#35b43d7343f74452307fd018a1cca92b8f68961ff8e2ab6a81ce0a703c9a3764
https://conda.anaconda.org/conda-forge/noarch/mistune-3.3.4-pyhcf101f3_0.conda#306af633cb4ac85d04024d7c243ac2031c488bf5b0912207e7304c27a5d65a85
https://conda.anaconda.org/conda-forge/noarch/mpld3-0.5.12-pyhd8ed1ab_0.conda#e84e7153340910ef767c2dc3c700d78d0abd466862a999b8aa2eecb287e4d0b1
https://conda.anaconda.org/conda-forge/noarch/mpmath-1.4.1-pyhd8ed1ab_0.conda#5bbf2f8179ec43d34d67ca8e4989d216c1bdb4b749fe6cb40e86ebf88c1b5300
https://conda.anaconda.org/conda-forge/noarch/munkres-1.1.4-pyhd8ed1ab_1.conda#d09c47c2cf456de5c09fa66d2c3c5035aa1fa228a1983a433c47b876aa16ce90
https://conda.anaconda.org/conda-forge/noarch/nbclient-0.11.0-pyhd8ed1ab_0.conda#eceb424236fbbb9b337a857fe5448307b57a2a3fb2db389ae37e7a8b8cdca2ab
https://conda.anaconda.org/conda-forge/noarch/nbconvert-7.17.1-hb502eef_0.conda#6b6d96cca8e9dd34e0735b59534831e1f8206b7366c79c71e08da6ee55c50683
https://conda.anaconda.org/conda-forge/noarch/nbconvert-core-7.17.1-pyhcf101f3_0.conda#ab2ac79c5892c5434d50b3542d96645bdaa06d025b6e03734be29200de248ac2
https://conda.anaconda.org/conda-forge/noarch/nbconvert-pandoc-7.17.1-h08b4883_0.conda#b576268b5b3da13b703a15d28d218fd1b552511726253575025930091e6206ae
https://conda.anaconda.org/conda-forge/noarch/nbformat-5.10.4-pyhd8ed1ab_1.conda#7a5bd30a2e7ddd7b85031a5e2e14f290898098dc85bea5b3a5bf147c25122838
https://conda.anaconda.org/conda-forge/noarch/nest-asyncio2-1.7.2-pyhcf101f3_0.conda#e6768ceef038f4d7e083de7e393f5dd7d672b937e2bda570b740f6399b686689
https://conda.anaconda.org/conda-forge/noarch/packaging-26.2-pyhc364b38_0.conda#3906abfb6511a3bb309e39b9b1b7bc38f50a723971de2395489fd1f379255890
https://conda.anaconda.org/conda-forge/noarch/pandocfilters-1.5.0-pyhd8ed1ab_0.tar.bz2#2bb9ba9857f4774b85900c2562f7e711d08dd48e2add9bee4e1612fbee27e16f
https://conda.anaconda.org/conda-forge/noarch/parso-0.8.7-pyhcf101f3_0.conda#611882f7944b467281c46644ffde6c5145d1a7730388bcde26e7e86819b0998e
https://conda.anaconda.org/conda-forge/noarch/pegasus-wms.api-5.1.2-pyhcf101f3_0.conda#61e13db159cded923829faa661b0b919dbd09138bb2e49f81ecd71f3fa892db6
https://conda.anaconda.org/conda-forge/noarch/pegasus-wms.common-5.1.2-pyhcf101f3_0.conda#019e1e8c17f5716355d71d77ac10485694f3b62ead2208b89b0ef6aed01b3690
https://conda.anaconda.org/conda-forge/noarch/pexpect-4.9.0-pyhd8ed1ab_1.conda#202af1de83b585d36445dc1fda94266697341994d1a3328fabde4989e1b3d07a
https://conda.anaconda.org/conda-forge/noarch/pip-26.2-pyh145f28c_0.conda#eb1066222db9d4c4fcf36c4a3c4cc1d122baecc052807061b931ab2ac672d386
https://conda.anaconda.org/conda-forge/noarch/platformdirs-4.11.0-pyhcf101f3_0.conda#a4b8c7d3b3703d10f93187986d59aec09b22033978945845899beb7f849a7be6
https://conda.anaconda.org/conda-forge/noarch/pluggy-1.6.0-pyhf9edf01_1.conda#e14aafa63efa0528ca99ba568eaf506eb55a0371d12e6250aaaa61718d2eb62e
https://conda.anaconda.org/conda-forge/noarch/prompt-toolkit-3.0.53-pyha770c72_0.conda#efe8def2c93aa34cd8d3c9af1dc4c7d312791cf769d8b2b615e32733e6df6051
https://conda.anaconda.org/conda-forge/noarch/ptyprocess-0.7.0-pyhd8ed1ab_1.conda#a7713dfe30faf17508ec359e0bc7e0983f5d94682492469bd462cdaae9c64d83
https://conda.anaconda.org/conda-forge/noarch/pure_eval-0.2.3-pyhd8ed1ab_1.conda#71bd24600d14bb171a6321d523486f6a06f855e75e547fa0cb2a0953b02047f0
https://conda.anaconda.org/conda-forge/noarch/pycparser-3.0-pyhcf101f3_0.conda#e27e0473fc6723311a0bd48b89b616fa1b996a2f7a2b555338cbbcfb9c640568
https://conda.anaconda.org/conda-forge/noarch/pygments-2.20.0-pyhd8ed1ab_0.conda#cf70b2f5ad9ae472b71235e5c8a736c9316df3705746de419b59d442e8348e86
https://conda.anaconda.org/conda-forge/noarch/pyjwt-2.13.0-pyhcf101f3_0.conda#58cda7489477fecb859ec95bf73cba7e4634db1a517e29e0d3086d7ec71733ae
https://conda.anaconda.org/conda-forge/noarch/pykerr-0.2.0-pyhd8ed1ab_0.conda#dc940665122237ca6bccc05a3d2b80fd4707aeeaf80d784d8bbf13741e8c2056
https://conda.anaconda.org/conda-forge/noarch/pyparsing-3.3.2-pyhcf101f3_0.conda#417fba4783e528ee732afa82999300859b065dc59927344b4859c64aae7182de
https://conda.anaconda.org/conda-forge/noarch/pysocks-1.7.1-pyha55dd90_7.conda#ba3b032fa52709ce0d9fd388f63d330a026754587a2f461117cac9ab73d8d0d8
https://conda.anaconda.org/conda-forge/noarch/pytest-9.1.1-pyhc364b38_2.conda#430051d80765207a7d782b2b188230ba1489d35c6e75fd9903f76cb9fda4af16
https://conda.anaconda.org/conda-forge/noarch/python-dateutil-2.9.0.post0-pyhe01879c_2.conda#d6a17ece93bbd5139e02d2bd7dbfa80bee1a4261dced63f65f679121686bf664
https://conda.anaconda.org/conda-forge/noarch/python-fastjsonschema-2.22.1-pyhcf101f3_0.conda#2243b305387413fa716827dce44011ea121be002e7ec24404ba00651db0279cd
https://conda.anaconda.org/conda-forge/noarch/python-gil-3.13.14-h4df99d1_100.conda#c7a8f98ea1cda5a84377c236ccd4bf1b6e2212c5a258d60bba295fb9f0260235
https://conda.anaconda.org/conda-forge/noarch/python_abi-3.13-8_cp313.conda#210bffe7b121e651419cb196a2a63687b087497595c9be9d20ebe97dd06060a7
https://conda.anaconda.org/conda-forge/noarch/pytz-2026.3.post1-pyhcf101f3_0.conda#ad774abda71c759baef515983bfedbba34d56d6227974c23715c04612f812a90
https://conda.anaconda.org/conda-forge/noarch/referencing-0.37.0-pyhcf101f3_0.conda#0577eedfb347ff94d0f2fa6c052c502989b028216996b45c7f21236f25864414
https://conda.anaconda.org/conda-forge/noarch/requests-2.34.2-pyhcf101f3_0.conda#1715246b19c9f85ee022933b4845f2fc14ac9184981b7b7d9b728bec8e9588da
https://conda.anaconda.org/conda-forge/noarch/safe-netrc-1.0.1-pyhd8ed1ab_1.conda#644be784d3e33521464c7bb5d8830e2537f7a1feb1d618d36f05b7548e0852b5
https://conda.anaconda.org/conda-forge/noarch/scitokens-1.9.7-pyhcf101f3_0.conda#46b0d97e9faea846013818d300bb45650522909fc44bef974e370131922c5982
https://conda.anaconda.org/conda-forge/noarch/setuptools-78.1.1-pyhff2d567_0.conda#33a0cab4724d8130055f65e6edc101df7136f2f26cefb52669df88de8aeee28c
https://conda.anaconda.org/conda-forge/noarch/six-1.17.0-pyhe01879c_1.conda#458227f759d5e3fcec5d9b7acce54e10c9e1f4f4b7ec978f3bfd54ce4ee9853d
https://conda.anaconda.org/conda-forge/noarch/soupsieve-2.9.1-pyhd8ed1ab_0.conda#d10bfe45ffd6fa37baef69d852f9fa882be4e6fe4cdd7286f3543e79b803cadb
https://conda.anaconda.org/conda-forge/noarch/stack_data-0.6.3-pyhd8ed1ab_1.conda#570da295d421661af487f1595045760526964f41471021056e993e73089e9c41
https://conda.anaconda.org/conda-forge/noarch/sympy-1.14.0-pyh2585a3b_106.conda#1c8057e6875eba958aa8b3c1a072dc9a75d013f209c26fd8125a5ebd3abbec0c
https://conda.anaconda.org/conda-forge/noarch/tenacity-9.1.4-pyhcf101f3_0.conda#32e75900d6a094ffe4290a8c9f1fa15744d9da8ff617aba4acaa0f057a065c34
https://conda.anaconda.org/conda-forge/noarch/tinycss2-1.4.0-pyhd8ed1ab_0.conda#cad582d6f978276522f84bd209a5ddac824742fe2d452af6acf900f8650a73a2
https://conda.anaconda.org/conda-forge/noarch/tomli-2.4.1-pyhcf101f3_0.conda#91cafdb64268e43e0e10d30bd1bef5af392e69f00edd34dfaf909f69ab2da6bd
https://conda.anaconda.org/conda-forge/noarch/tqdm-4.70.0-pyh8f84b5b_0.conda#a4d9e9da15b13f1ab047e7db412e2ed564bc615832e80213cf129b973c3abf4a
https://conda.anaconda.org/conda-forge/noarch/traitlets-5.15.1-pyhcf101f3_0.conda#b89a823edf524956b94a2a4db974866e4501f05c68976eff458c5dcf07f88431
https://conda.anaconda.org/conda-forge/noarch/typing-extensions-4.16.0-h69aa097_0.conda#b141933ece3518f6d7b75dfb59451e2f26b405a44c18e2518a83e9a02e09315c
https://conda.anaconda.org/conda-forge/noarch/typing_extensions-4.16.0-pyhcf101f3_0.conda#2d888f90af0686044882c74193ec80a90ec1943145d94a7b1b048958acda1848
https://conda.anaconda.org/conda-forge/noarch/tzdata-2026c-h151e31d_0.conda#b928c30ddcb0e3f544c6eade8352737e6e610e263276b90232db6a578ef899d8
https://conda.anaconda.org/conda-forge/noarch/tzlocal-5.4.4-pyh8f84b5b_0.conda#5d693f6f22b584fb69bac52e716872a1432c50527ced54d66064cc27e5946c0b
https://conda.anaconda.org/conda-forge/noarch/urllib3-2.7.0-pyhd8ed1ab_0.conda#feff959a816f7988a0893201aa9727bbb7ee1e9cec2c4f0428269b489eb93fb4
https://conda.anaconda.org/conda-forge/noarch/wcwidth-0.8.2-pyhd8ed1ab_0.conda#4acf845da404e84cef1acccc66cc0156af1b83a5b5d7077b2ca19b705c561e57
https://conda.anaconda.org/conda-forge/noarch/webencodings-0.5.1-pyhd8ed1ab_3.conda#19ff205e138bb056a46f9e3839935a2e60bd1cf01c8241a5e172a422fed4f9c6
https://conda.anaconda.org/conda-forge/noarch/zipp-4.1.0-pyhcf101f3_0.conda#210bd31c22bb88f5e2a167df24c95bb5f152b2ada7502f9b8c49d1f5366db423
