# This file may be used to create an environment using:
# $ conda create --name <env> --file <this file>
# platform: osx-arm64
# generated-from: publication/FSDAcceleratingWaveforms/environment.yml
@EXPLICIT
https://conda.anaconda.org/conda-forge/noarch/_python_abi3_support-1.0-hd8ed1ab_3.conda#2a7204314663eeda5dec482a956f0e2eaf289bd5b9953eaaaad0e81aa64638f2
https://conda.anaconda.org/conda-forge/noarch/appnope-0.1.4-pyhd8ed1ab_1.conda#8f032b140ea4159806e4969a68b4a3c0a7cab1ad936eb958a2b5ffe5335e19bf
https://conda.anaconda.org/conda-forge/noarch/astropy-iers-data-0.2026.7.27.0.56.29-pyhd8ed1ab_0.conda#91b9cb5b6e2d9da1ea399f7496c5235aa9b9b9cf0de2ef47b0f5c006426b2b04
https://conda.anaconda.org/conda-forge/noarch/asttokens-3.0.2-pyhd8ed1ab_0.conda#fbbd8ce60cbd5c16f3fe559eb644551f94285caff30985ea961ff851c1cf25ac
https://conda.anaconda.org/conda-forge/noarch/attrs-26.1.0-pyhcf101f3_0.conda#1b6124230bb4e571b1b9401537ecff575b7b109cc3a21ee019f65e083b8399ab
https://conda.anaconda.org/conda-forge/noarch/beautifulsoup4-4.15.0-pyha770c72_0.conda#aed4b9dcf68ec2a75e5645fed14d77fd884d38d2e52bfa6ef4b278d90cd88781
https://conda.anaconda.org/conda-forge/noarch/bleach-6.4.0-pyhcf101f3_0.conda#0c786f3e571bd58ac73d730d06314716663884d848ae320de0b438fae5e0bea9
https://conda.anaconda.org/conda-forge/noarch/bleach-with-css-6.4.0-hac0b51c_0.conda#ede77e412304cd080e23967352a7904932207d0167ecdccd6a9e210530942be6
https://conda.anaconda.org/conda-forge/noarch/ca-certificates-2026.7.22-hbd8a1cb_0.conda#0a0544cf95f64394fe4959286f5c71f5444ad58feb0602e53becb27448d24da6
https://conda.anaconda.org/conda-forge/noarch/cached-property-1.5.2-hd8ed1ab_2.conda#0d00dd61cb91b1bd1536600c64c9db4f94f3c699fec42864d0a2f4bc2ad8c3e8
https://conda.anaconda.org/conda-forge/noarch/cached_property-1.5.2-pyha770c72_2.conda#b1808a7811b5688d045b204425bb7ee824b340b40025b4ad0a39b4db1f4f1c98
https://conda.anaconda.org/conda-forge/noarch/certifi-2026.7.22-pyhd8ed1ab_0.conda#fb167de4388e64e52aa3907ed099afab944c1fa6e5f74b281a312dae1bcf7f3b
https://conda.anaconda.org/conda-forge/noarch/charset-normalizer-3.4.9-pyhd8ed1ab_0.conda#8d8813ef655b4e75e4fb897abd83ad548882efad7b4e836b021b797f42780799
https://conda.anaconda.org/conda-forge/noarch/click-8.4.2-pyhc90fa1f_0.conda#ccc4787f511964f9a1f2d2d2859c91c5d571fb60f7f09d4c4e092c9b7a94e671
https://conda.anaconda.org/conda-forge/noarch/colorama-0.4.6-pyhd8ed1ab_1.conda#ab29d57dc70786c1269633ba3dff20288b81664d3ff8d21af995742e2bb03287
https://conda.anaconda.org/conda-forge/noarch/comm-0.2.3-pyhe01879c_0.conda#576a44729314ad9e4e5ebe055fbf48beb8116b60e58f9070278985b2b634f212
https://conda.anaconda.org/conda-forge/noarch/cpython-3.13.14-py313hd8ed1ab_100.conda#42995d97d7e83d2bedbe8173bc9aa022ea412bf33dd2ff0e3db2c01a5242cd0a
https://conda.anaconda.org/conda-forge/noarch/cycler-0.12.1-pyhcf101f3_2.conda#bb47aec5338695ff8efbddbc669064a3b10fe34ad881fb8ad5d64fbfa6910ed1
https://conda.anaconda.org/conda-forge/noarch/dateparser-1.4.1-pyhd8ed1ab_0.conda#4519800be73315780e77ca61e26440f7c90121c706d6f5d001f67226a2da4b08
https://conda.anaconda.org/conda-forge/noarch/decorator-5.3.1-pyhd8ed1ab_0.conda#430bd9d731b265f0bedb3183ac3ecfaa1656390c092b6e864ff8cc1229843c8c
https://conda.anaconda.org/conda-forge/noarch/defusedxml-0.7.1-pyhd8ed1ab_0.tar.bz2#9717a059677553562a8f38ff07f3b9f61727bd614f505658b0a5ecbcf8df89be
https://conda.anaconda.org/conda-forge/noarch/dqsegdb2-1.3.0-pyhd8ed1ab_0.conda#943d9927e3201123136379cbad784905f7657b631880f7b8fdaca197095d4baa
https://conda.anaconda.org/conda-forge/noarch/exceptiongroup-1.3.1-pyhd8ed1ab_0.conda#ee6cf346d017d954255bbcbdb424cddea4d14e4ed7e9813e429db1d795d01144
https://conda.anaconda.org/conda-forge/noarch/executing-2.2.1-pyhd8ed1ab_0.conda#210c8165a58fdbf16e626aac93cc4c14dbd551a01d1516be5ecad795d2422cad
https://conda.anaconda.org/conda-forge/noarch/future-1.0.0-pyhd8ed1ab_2.conda#45dfd037889b7075c5eb46394f93172de0be0b1624c7f802dd3ecc94b814d8e0
https://conda.anaconda.org/conda-forge/noarch/gwdatafind-2.1.1-pyh707e725_0.conda#3fc49a834431d7fbe40579a9577422c5d820d3cca027da9d4b054013944b2713
https://conda.anaconda.org/conda-forge/noarch/gwosc-0.8.3-pyhd8ed1ab_1.conda#9094de31a658aac438a5a13f8d94af1c9af33cf79321d8a2da74a556fb4e297b
https://conda.anaconda.org/conda-forge/noarch/gwpy-4.0.1-pyhcf101f3_0.conda#ee29b7f28126612f313212d0852e4bac062839cab82d950ea9ab676ccb3b9f58
https://conda.anaconda.org/conda-forge/noarch/h2-4.4.0-pyhcf101f3_0.conda#1bdffcb701cf1f4429733fc2e194995bab5ecc71073d84a434dcfb57049a4265
https://conda.anaconda.org/conda-forge/noarch/hpack-4.2.0-pyhd8ed1ab_0.conda#fdcea5d7cb314485d3907192ef024c704311548c5b0cbeb390cd1951051e29d2
https://conda.anaconda.org/conda-forge/noarch/hyperframe-6.1.0-pyhd8ed1ab_0.conda#77af6f5fe8b62ca07d09ac60127a30d9069fdc3c68d6b256754d0ffb1f7779f8
https://conda.anaconda.org/conda-forge/noarch/idna-3.18-pyhcf101f3_0.conda#c75632ea624aa450a394f570749420c5a2e0997d0216bc29d5d45b0f39df0426
https://conda.anaconda.org/conda-forge/noarch/igwn-auth-utils-1.2.1-pyhd8ed1ab_0.conda#cb3f4ec3f572f77f0c6eed7d971d16394fd2e3eb0ff4d16b09f14c089bc3e470
https://conda.anaconda.org/conda-forge/noarch/importlib-metadata-9.0.0-pyhcf101f3_0.conda#43e2a5497cad1598ff88a3e69f69bc88b7b8f141fa63c60eab5db296317318b8
https://conda.anaconda.org/conda-forge/noarch/iniconfig-2.3.0-pyhd8ed1ab_0.conda#e1a9e3b1c8fe62dc3932a616c284b5d8cbe3124bbfbedcf4ce5c828cb166ee19
https://conda.anaconda.org/conda-forge/noarch/ipykernel-7.3.0-pyh01cf8df_0.conda#994d3cb6b9b88a6533f567c50d20f2f6edc40ae3540ce2ee9629492182ab3403
https://conda.anaconda.org/conda-forge/noarch/ipython-9.15.0-pyh53cf698_0.conda#d9fa14ec35119901bf702a9a3e8a5570daef2aada7d03878e4c24d9de912302b
https://conda.anaconda.org/conda-forge/noarch/ipython_pygments_lexers-1.1.1-pyhd8ed1ab_0.conda#894682a42a7d659ae12878dbcb274516a7031bbea9104e92f8e88c1f2765a104
https://conda.anaconda.org/conda-forge/noarch/jedi-0.20.0-pyhcf101f3_0.conda#744143551c1c7b528b82533fb641b9d7db20b2203abc4c2635c387fa6c089fc3
https://conda.anaconda.org/conda-forge/noarch/jinja2-3.1.6-pyhcf101f3_1.conda#fc9ca7348a4f25fed2079f2153ecdcf5f9cf2a0bc36c4172420ca09e1849df7b
https://conda.anaconda.org/conda-forge/noarch/jsonschema-4.26.0-pyhcf101f3_0.conda#db973a37d75db8e19b5f44bbbdaead0c68dde745407f281e2a7fe4db74ec51d7
https://conda.anaconda.org/conda-forge/noarch/jsonschema-specifications-2025.9.1-pyhcf101f3_0.conda#0a4f3b132f0faca10c89fdf3b60e15abb62ded6fa80aebfc007d05965192aa04
https://conda.anaconda.org/conda-forge/noarch/jupyter_client-8.9.1-pyhcf101f3_0.conda#48b18974cc93b2c0d2681563237034e521f51d1878f0bbc6a5a67ca31b1608a6
https://conda.anaconda.org/conda-forge/noarch/jupyter_core-5.9.1-pyhc90fa1f_0.conda#1d34b80e5bfcd5323f104dbf99a2aafc0e5d823019d626d0dce5d3d356a2a52a
https://conda.anaconda.org/conda-forge/noarch/jupyterlab_pygments-0.3.0-pyhd8ed1ab_2.conda#dc24b900742fdaf1e077d9a3458fd865711de80bca95fe3c6d46610c532c6ef0
https://conda.anaconda.org/conda-forge/noarch/ligo-gracedb-2.15.7-pyhcf101f3_0.conda#13efdfebcdbd05b753f0731364200ba34e217211610ed1390e32bb4f228762f8
https://conda.anaconda.org/conda-forge/noarch/ligotimegps-2.1.0-pyhd8ed1ab_0.conda#15f32bee2a8e2dee908f06a2737ffa73bdcace49fae85b5fb33a02a8f178cb9c
https://conda.anaconda.org/conda-forge/noarch/lscsoft-glue-4.1.1-pyhd8ed1ab_0.conda#7274143fbb34f473bca5f8a1c72c76c9845e00617b6cc9679903b6a574ee6a1b
https://conda.anaconda.org/conda-forge/noarch/mako-1.3.12-pyhcf101f3_0.conda#d06d02574be3892020262464b49360a749c1d448ed9f0de52fe8a08bc1483261
https://conda.anaconda.org/conda-forge/noarch/matplotlib-inline-0.2.2-pyhd8ed1ab_0.conda#35b43d7343f74452307fd018a1cca92b8f68961ff8e2ab6a81ce0a703c9a3764
https://conda.anaconda.org/conda-forge/noarch/mistune-3.3.4-pyhcf101f3_0.conda#306af633cb4ac85d04024d7c243ac2031c488bf5b0912207e7304c27a5d65a85
https://conda.anaconda.org/conda-forge/noarch/mpld3-0.5.12-pyhd8ed1ab_0.conda#e84e7153340910ef767c2dc3c700d78d0abd466862a999b8aa2eecb287e4d0b1
https://conda.anaconda.org/conda-forge/noarch/mpmath-1.4.1-pyhd8ed1ab_0.conda#5bbf2f8179ec43d34d67ca8e4989d216c1bdb4b749fe6cb40e86ebf88c1b5300
https://conda.anaconda.org/conda-forge/noarch/munkres-1.1.4-pyhd8ed1ab_1.conda#d09c47c2cf456de5c09fa66d2c3c5035aa1fa228a1983a433c47b876aa16ce90
https://conda.anaconda.org/conda-forge/noarch/nbclient-0.11.0-pyhd8ed1ab_0.conda#eceb424236fbbb9b337a857fe5448307b57a2a3fb2db389ae37e7a8b8cdca2ab
https://conda.anaconda.org/conda-forge/noarch/nbconvert-7.17.1-hb502eef_0.conda#6b6d96cca8e9dd34e0735b59534831e1f8206b7366c79c71e08da6ee55c50683
https://conda.anaconda.org/conda-forge/noarch/nbconvert-core-7.17.1-pyhcf101f3_0.conda#ab2ac79c5892c5434d50b3542d96645bdaa06d025b6e03734be29200de248ac2
https://conda.anaconda.org/conda-forge/noarch/nbconvert-pandoc-7.17.1-h08b4883_0.conda#b576268b5b3da13b703a15d28d218fd1b552511726253575025930091e6206ae
https://conda.anaconda.org/conda-forge/noarch/nbformat-5.10.4-pyhd8ed1ab_1.conda#7a5bd30a2e7ddd7b85031a5e2e14f290898098dc85bea5b3a5bf147c25122838
https://conda.anaconda.org/conda-forge/noarch/nest-asyncio2-1.7.2-pyhcf101f3_0.conda#e6768ceef038f4d7e083de7e393f5dd7d672b937e2bda570b740f6399b686689
https://conda.anaconda.org/conda-forge/noarch/packaging-26.2-pyhc364b38_0.conda#3906abfb6511a3bb309e39b9b1b7bc38f50a723971de2395489fd1f379255890
https://conda.anaconda.org/conda-forge/noarch/pandocfilters-1.5.0-pyhd8ed1ab_0.tar.bz2#2bb9ba9857f4774b85900c2562f7e711d08dd48e2add9bee4e1612fbee27e16f
https://conda.anaconda.org/conda-forge/noarch/parso-0.8.7-pyhcf101f3_0.conda#611882f7944b467281c46644ffde6c5145d1a7730388bcde26e7e86819b0998e
https://conda.anaconda.org/conda-forge/noarch/pegasus-wms.api-5.1.2-pyhcf101f3_0.conda#61e13db159cded923829faa661b0b919dbd09138bb2e49f81ecd71f3fa892db6
https://conda.anaconda.org/conda-forge/noarch/pegasus-wms.common-5.1.2-pyhcf101f3_0.conda#019e1e8c17f5716355d71d77ac10485694f3b62ead2208b89b0ef6aed01b3690
https://conda.anaconda.org/conda-forge/noarch/pexpect-4.9.0-pyhd8ed1ab_1.conda#202af1de83b585d36445dc1fda94266697341994d1a3328fabde4989e1b3d07a
https://conda.anaconda.org/conda-forge/noarch/pip-26.2-pyh145f28c_0.conda#eb1066222db9d4c4fcf36c4a3c4cc1d122baecc052807061b931ab2ac672d386
https://conda.anaconda.org/conda-forge/noarch/platformdirs-4.11.0-pyhcf101f3_0.conda#a4b8c7d3b3703d10f93187986d59aec09b22033978945845899beb7f849a7be6
https://conda.anaconda.org/conda-forge/noarch/pluggy-1.6.0-pyhf9edf01_1.conda#e14aafa63efa0528ca99ba568eaf506eb55a0371d12e6250aaaa61718d2eb62e
https://conda.anaconda.org/conda-forge/noarch/prompt-toolkit-3.0.53-pyha770c72_0.conda#efe8def2c93aa34cd8d3c9af1dc4c7d312791cf769d8b2b615e32733e6df6051
https://conda.anaconda.org/conda-forge/noarch/ptyprocess-0.7.0-pyhd8ed1ab_1.conda#a7713dfe30faf17508ec359e0bc7e0983f5d94682492469bd462cdaae9c64d83
https://conda.anaconda.org/conda-forge/noarch/pure_eval-0.2.3-pyhd8ed1ab_1.conda#71bd24600d14bb171a6321d523486f6a06f855e75e547fa0cb2a0953b02047f0
https://conda.anaconda.org/conda-forge/noarch/pycparser-3.0-pyhcf101f3_0.conda#e27e0473fc6723311a0bd48b89b616fa1b996a2f7a2b555338cbbcfb9c640568
https://conda.anaconda.org/conda-forge/noarch/pygments-2.20.0-pyhd8ed1ab_0.conda#cf70b2f5ad9ae472b71235e5c8a736c9316df3705746de419b59d442e8348e86
https://conda.anaconda.org/conda-forge/noarch/pyjwt-2.13.0-pyhcf101f3_0.conda#58cda7489477fecb859ec95bf73cba7e4634db1a517e29e0d3086d7ec71733ae
https://conda.anaconda.org/conda-forge/noarch/pykerr-0.2.0-pyhd8ed1ab_0.conda#dc940665122237ca6bccc05a3d2b80fd4707aeeaf80d784d8bbf13741e8c2056
https://conda.anaconda.org/conda-forge/noarch/pyparsing-3.3.2-pyhcf101f3_0.conda#417fba4783e528ee732afa82999300859b065dc59927344b4859c64aae7182de
https://conda.anaconda.org/conda-forge/noarch/pysocks-1.7.1-pyha55dd90_7.conda#ba3b032fa52709ce0d9fd388f63d330a026754587a2f461117cac9ab73d8d0d8
https://conda.anaconda.org/conda-forge/noarch/pytest-9.1.1-pyhc364b38_2.conda#430051d80765207a7d782b2b188230ba1489d35c6e75fd9903f76cb9fda4af16
https://conda.anaconda.org/conda-forge/noarch/python-dateutil-2.9.0.post0-pyhe01879c_2.conda#d6a17ece93bbd5139e02d2bd7dbfa80bee1a4261dced63f65f679121686bf664
https://conda.anaconda.org/conda-forge/noarch/python-fastjsonschema-2.22.1-pyhcf101f3_0.conda#2243b305387413fa716827dce44011ea121be002e7ec24404ba00651db0279cd
https://conda.anaconda.org/conda-forge/noarch/python-gil-3.13.14-h4df99d1_100.conda#c7a8f98ea1cda5a84377c236ccd4bf1b6e2212c5a258d60bba295fb9f0260235
https://conda.anaconda.org/conda-forge/noarch/python_abi-3.13-8_cp313.conda#210bffe7b121e651419cb196a2a63687b087497595c9be9d20ebe97dd06060a7
https://conda.anaconda.org/conda-forge/noarch/pytz-2026.3.post1-pyhcf101f3_0.conda#ad774abda71c759baef515983bfedbba34d56d6227974c23715c04612f812a90
https://conda.anaconda.org/conda-forge/noarch/referencing-0.37.0-pyhcf101f3_0.conda#0577eedfb347ff94d0f2fa6c052c502989b028216996b45c7f21236f25864414
https://conda.anaconda.org/conda-forge/noarch/requests-2.34.2-pyhcf101f3_0.conda#1715246b19c9f85ee022933b4845f2fc14ac9184981b7b7d9b728bec8e9588da
https://conda.anaconda.org/conda-forge/noarch/safe-netrc-1.0.1-pyhd8ed1ab_1.conda#644be784d3e33521464c7bb5d8830e2537f7a1feb1d618d36f05b7548e0852b5
https://conda.anaconda.org/conda-forge/noarch/scitokens-1.9.7-pyhcf101f3_0.conda#46b0d97e9faea846013818d300bb45650522909fc44bef974e370131922c5982
https://conda.anaconda.org/conda-forge/noarch/setuptools-78.1.1-pyhff2d567_0.conda#33a0cab4724d8130055f65e6edc101df7136f2f26cefb52669df88de8aeee28c
https://conda.anaconda.org/conda-forge/noarch/six-1.17.0-pyhe01879c_1.conda#458227f759d5e3fcec5d9b7acce54e10c9e1f4f4b7ec978f3bfd54ce4ee9853d
https://conda.anaconda.org/conda-forge/noarch/soupsieve-2.9.1-pyhd8ed1ab_0.conda#d10bfe45ffd6fa37baef69d852f9fa882be4e6fe4cdd7286f3543e79b803cadb
https://conda.anaconda.org/conda-forge/noarch/stack_data-0.6.3-pyhd8ed1ab_1.conda#570da295d421661af487f1595045760526964f41471021056e993e73089e9c41
https://conda.anaconda.org/conda-forge/noarch/sympy-1.14.0-pyh2585a3b_106.conda#1c8057e6875eba958aa8b3c1a072dc9a75d013f209c26fd8125a5ebd3abbec0c
https://conda.anaconda.org/conda-forge/noarch/tenacity-9.1.4-pyhcf101f3_0.conda#32e75900d6a094ffe4290a8c9f1fa15744d9da8ff617aba4acaa0f057a065c34
https://conda.anaconda.org/conda-forge/noarch/tinycss2-1.4.0-pyhd8ed1ab_0.conda#cad582d6f978276522f84bd209a5ddac824742fe2d452af6acf900f8650a73a2
https://conda.anaconda.org/conda-forge/noarch/tomli-2.4.1-pyhcf101f3_0.conda#91cafdb64268e43e0e10d30bd1bef5af392e69f00edd34dfaf909f69ab2da6bd
https://conda.anaconda.org/conda-forge/noarch/tqdm-4.70.0-pyh8f84b5b_0.conda#a4d9e9da15b13f1ab047e7db412e2ed564bc615832e80213cf129b973c3abf4a
https://conda.anaconda.org/conda-forge/noarch/traitlets-5.15.1-pyhcf101f3_0.conda#b89a823edf524956b94a2a4db974866e4501f05c68976eff458c5dcf07f88431
https://conda.anaconda.org/conda-forge/noarch/typing-extensions-4.16.0-h69aa097_0.conda#b141933ece3518f6d7b75dfb59451e2f26b405a44c18e2518a83e9a02e09315c
https://conda.anaconda.org/conda-forge/noarch/typing_extensions-4.16.0-pyhcf101f3_0.conda#2d888f90af0686044882c74193ec80a90ec1943145d94a7b1b048958acda1848
https://conda.anaconda.org/conda-forge/noarch/tzdata-2026c-h151e31d_0.conda#b928c30ddcb0e3f544c6eade8352737e6e610e263276b90232db6a578ef899d8
https://conda.anaconda.org/conda-forge/noarch/tzlocal-5.4.4-pyh8f84b5b_0.conda#5d693f6f22b584fb69bac52e716872a1432c50527ced54d66064cc27e5946c0b
https://conda.anaconda.org/conda-forge/noarch/urllib3-2.7.0-pyhd8ed1ab_0.conda#feff959a816f7988a0893201aa9727bbb7ee1e9cec2c4f0428269b489eb93fb4
https://conda.anaconda.org/conda-forge/noarch/wcwidth-0.8.2-pyhd8ed1ab_0.conda#4acf845da404e84cef1acccc66cc0156af1b83a5b5d7077b2ca19b705c561e57
https://conda.anaconda.org/conda-forge/noarch/webencodings-0.5.1-pyhd8ed1ab_3.conda#19ff205e138bb056a46f9e3839935a2e60bd1cf01c8241a5e172a422fed4f9c6
https://conda.anaconda.org/conda-forge/noarch/zipp-4.1.0-pyhcf101f3_0.conda#210bd31c22bb88f5e2a167df24c95bb5f152b2ada7502f9b8c49d1f5366db423
https://conda.anaconda.org/conda-forge/osx-arm64/astropy-base-7.1.0-py313h03a17bf_1.conda#f22aa07fa0a7146f25a2c5f3427cf0616a1c1c5a0d64a4fda703b74d1f1ccaea
https://conda.anaconda.org/conda-forge/osx-arm64/backports.zstd-1.6.0-py313h7208f8c_0.conda#4d39bf744249f60212a728369dbc6cd6ec4d5aef6668a14321f747d7eb4bac2d
https://conda.anaconda.org/conda-forge/osx-arm64/brotli-1.2.0-h7d5ae5b_1.conda#422ac5c91f8ef07017c594d9135b7ae068157393d2a119b1908c7e350938579d
https://conda.anaconda.org/conda-forge/osx-arm64/brotli-bin-1.2.0-hc919400_1.conda#e2d142052a83ff2e8eab3fe68b9079cad80d109696dc063a3f92275802341640
https://conda.anaconda.org/conda-forge/osx-arm64/brotli-python-1.2.0-py313hde1f3bb_1.conda#2e21dccccd68bedd483300f9ab87a425645f6776e6e578e10e0dd98c946e1be9
https://conda.anaconda.org/conda-forge/osx-arm64/bzip2-1.0.8-hd037594_9.conda#540fe54be35fac0c17feefbdc3e29725cce05d7367ffedfaaa1bdda234b019df
https://conda.anaconda.org/conda-forge/osx-arm64/c-ares-1.34.8-h84a0fba_0.conda#2bfa6ed107d2d8b5835228f8392050cc12e4b6dd732ee044c4ab503b94ff7f31
https://conda.anaconda.org/conda-forge/osx-arm64/cffi-1.17.1-py313hc845a76_0.conda#50650dfa70ccf12b9c4a117d7ef0b41895815bb7328d830d667a6ba3525b60e8
https://conda.anaconda.org/conda-forge/osx-arm64/contourpy-1.3.3-py313h2af2deb_4.conda#6320cd6c16fdcf25efa493f9a2c54b2687911967a5e90544d599c535535387e9
https://conda.anaconda.org/conda-forge/osx-arm64/cryptography-47.0.0-py313he3f6fad_0.conda#93bf99aa3ddd2969d1f39def5ce4f2b202c4b8b03f8a1c8b312227c850f7b353
https://conda.anaconda.org/conda-forge/osx-arm64/cython-3.2.9-py313hd1249e6_0.conda#e9dcbb7bd6c5101289743f7532a94abb13d44def7f25c8b4ba438efdd6da581a
https://conda.anaconda.org/conda-forge/osx-arm64/debugpy-1.8.21-py313h1188861_0.conda#603ed94c0c45089b4c93f04b00444322b7e154a7cf73135c8e494b0e4eefc4d9
https://conda.anaconda.org/conda-forge/osx-arm64/fftw-3.3.10-nompi_h6637ab6_110.conda#ba72f1d9384584c774d4e58ff3174818a20687f817e5edde3e0d23edff88fd72
https://conda.anaconda.org/conda-forge/osx-arm64/fonttools-4.63.0-py313h65a2061_0.conda#7ee6adb0d2c9c5c8d5674736efd46c10b6902b31f95853c606cf86b3928b39cc
https://conda.anaconda.org/conda-forge/osx-arm64/freetype-2.14.3-hce30654_1.conda#96b33f1e2a32c602b167f43719e3acf89ec742b4a1e25e99ffd0e6f99b38d277
https://conda.anaconda.org/conda-forge/osx-arm64/gmp-6.3.0-h7bae524_2.conda#76e222e072d61c840f64a44e0580c2503562b009090f55aa45053bf1ccb385dd
https://conda.anaconda.org/conda-forge/osx-arm64/gmpy2-2.3.0-py313h8b87f87_1.conda#451f0d2a87554c1d81198773ff92ec555f7c00a52f006ae07fc4241875ca55ca
https://conda.anaconda.org/conda-forge/osx-arm64/gsl-2.7-h6e638da_0.tar.bz2#979c2976adcfc70be997abeab2ed8395f9ac2b836bdcd25ed5d2efbf1fed226b
https://conda.anaconda.org/conda-forge/osx-arm64/h5py-3.16.0-nompi_py313hc6ee213_102.conda#ec38d68d23ac769156f7569ca97bf1ab792ffaa952fb976fba1f4be37d35e5b2
https://conda.anaconda.org/conda-forge/osx-arm64/hdf5-1.14.6-nompi_ha698983_101.conda#699b5963583b64531f9f991d7f4848757e5b5615c1086f835789e51abcedc9ed
https://conda.anaconda.org/conda-forge/osx-arm64/icu-78.3-hc7cc350_2.conda#f0b22bc30e4cc29e29ba3234cb38497fe8def2c2aae4b775d42fe5b378a018c9
https://conda.anaconda.org/conda-forge/osx-arm64/igwn-ligolw-2.0.1-py313h90d716c_0.conda#a0023693638f298ff1d0748337ddb792d6d86b4782431ecb78761c61284d9d41
https://conda.anaconda.org/conda-forge/osx-arm64/igwn-segments-2.1.1-py313head35a7_2.conda#16daca5f01b97e1e8055f3b94bc1979e5e35c6381fe67f9204e30727602899ba
https://conda.anaconda.org/conda-forge/osx-arm64/kiwisolver-1.5.0-py313h2af2deb_0.conda#b0ac975a7eb40638b1405c8092835c47222ce758eb26114afee50a8d1ce98569
https://conda.anaconda.org/conda-forge/osx-arm64/krb5-1.22.2-hfd3d5f3_1.conda#c740e4a2e7247776a9883158fdab50ae0732c8f67f96d8f1db8ad9da5e0b5222
https://conda.anaconda.org/conda-forge/osx-arm64/lalsimulation-data-6.2.0-hce30654_3.conda#40aa5e3dd1dad08d77611d7a43b3309f7445a5605e3e6506f6987167464960ed
https://conda.anaconda.org/conda-forge/osx-arm64/lcms2-2.19.1-hdfa7624_1.conda#ccb5598fad3694e79bf54f0eb812e3b3c3dd63d1497e631f5978800eadb9bcc4
https://conda.anaconda.org/conda-forge/osx-arm64/ldas-tools-al-2.8.1-hf80f08f_0.conda#56c866e96a34caa5d9518808963862fe4fba93ecd99435fd30d51474a0f7f056
https://conda.anaconda.org/conda-forge/osx-arm64/ldas-tools-framecpp-2.9.3-h03dbe95_5.conda#4a14f64b84c9cc2994199c890191ed2eb7c283a50fc77a6b5be5e6f46e1808cc
https://conda.anaconda.org/conda-forge/osx-arm64/lerc-4.2.0-h1eee2c3_0.conda#c97aa17d16d2ac332ba9f184e82ce8f72dcb10e9a10c5f299030be2d44e191b9
https://conda.anaconda.org/conda-forge/osx-arm64/libaec-1.1.5-h8664d51_0.conda#af9cd8db11eb719e38a3340c88bb4882cf19b5b4237d93845224489fc2a13b46
https://conda.anaconda.org/conda-forge/osx-arm64/libblas-3.11.0-5_h51639a9_openblas.conda#620a6278f194dcabc7962277da6835b1e968e46ad0c8e757736255f5ddbfca8d
https://conda.anaconda.org/conda-forge/osx-arm64/libboost-1.90.0-h0419b56_1.conda#6f1450cdde346f12cdfa4f6862cc9aa288a8967a7017cf4ccdbbeb403604e148
https://conda.anaconda.org/conda-forge/osx-arm64/libbrotlicommon-1.2.0-hc919400_1.conda#a7cb9e660531cf6fbd4148cff608c85738d0b76f0975c5fc3e7d5e92840b7229
https://conda.anaconda.org/conda-forge/osx-arm64/libbrotlidec-1.2.0-hc919400_1.conda#2eae444039826db0454b19b52a3390f63bfe24f6b3e63089778dd5a5bf48b6bf
https://conda.anaconda.org/conda-forge/osx-arm64/libbrotlienc-1.2.0-hc919400_1.conda#01436c32bb41f9cb4bcf07dda647ce4e5deb8307abfc3abdc8da5317db8189d1
https://conda.anaconda.org/conda-forge/osx-arm64/libcblas-3.11.0-5_hb0561ab_openblas.conda#38809c361bbd165ecf83f7f05fae9b791e1baa11e4447367f38ae1327f402fc0
https://conda.anaconda.org/conda-forge/osx-arm64/libcurl-8.21.0-h1359186_3.conda#93d3997deb3a38052eb5a8c7b53f3eeeffe19d15d91243aa76f591c0e8b0ca97
https://conda.anaconda.org/conda-forge/osx-arm64/libcxx-22.1.8-h55c6f16_0.conda#a2e7abab5add9750fab064c024394de48e49f97631c605ad5db5c8ac3fc769ef
https://conda.anaconda.org/conda-forge/osx-arm64/libdeflate-1.25-hc11a715_0.conda#5e0b6961be3304a5f027a8c00bd0967fc46ae162cffb7553ff45c70f51b8314c
https://conda.anaconda.org/conda-forge/osx-arm64/libedit-3.1.20250104-pl5321hafb1f1b_0.conda#66aa216a403de0bb0c1340a88d1a06adaff66bae2cfd196731aa24db9859d631
https://conda.anaconda.org/conda-forge/osx-arm64/libev-4.33-h93a5062_2.conda#95cecb3902fbe0399c3a7e67a5bed1db813e5ab0e22f4023a5e0f722f2cc214f
https://conda.anaconda.org/conda-forge/osx-arm64/libexpat-2.8.1-hf6b4638_1.conda#5af74261101e3c777399c6294b2b5d290e508153268eb2e9ff99c4d69834612f
https://conda.anaconda.org/conda-forge/osx-arm64/libffi-3.7.0-hcf2aa1b_0.conda#2c6ac9a6cd65af89b2bd448518bb1e13b44a2e48c0d469398e37bcfc0092e832
https://conda.anaconda.org/conda-forge/osx-arm64/libframel-8.48.5-h2f1a0bb_0.conda#c4b320b091db4041c59118a18a8f653b862590fdcb5555a6ca7e006ac67afb4d
https://conda.anaconda.org/conda-forge/osx-arm64/libfreetype-2.14.3-hce30654_1.conda#d5637b01941c0fc8f5cbb1f170c238f4ee153b3c1708b9d50f4f1305438ff051
https://conda.anaconda.org/conda-forge/osx-arm64/libfreetype6-2.14.3-hdfa99f5_1.conda#abbfffd8a8c776bb8b59a10c8247fc3aa6b17ba0051e9f6d199dca38479f214f
https://conda.anaconda.org/conda-forge/osx-arm64/libgfortran-5.0.0-14_2_0_h6c33f7e_103.conda#8628746a8ecd311f1c0d14bb4f527c18686251538f7164982ccbe3b772de58b5
https://conda.anaconda.org/conda-forge/osx-arm64/libgfortran5-14.2.0-h6c33f7e_103.conda#8599453990bd3a449013f5fa3d72302f1c68f0680622d419c3f751ff49f01f17
https://conda.anaconda.org/conda-forge/osx-arm64/libglib-2.84.0-hdff4504_0.conda#70a414faef075e11e7a51861e9e9c953d8373b0089070f98136a7578d8cda67e
https://conda.anaconda.org/conda-forge/osx-arm64/libiconv-1.18-h23cfdf5_2.conda#de0336e800b2af9a40bdd694b03870ac4a848161b35c8a2325704f123f185f03
https://conda.anaconda.org/conda-forge/osx-arm64/libintl-0.25.1-h493aca8_0.conda#99d2cebcd8f84961b86784451b010f5f0a795ed1c08f1e7c76fbb3c22abf021a
https://conda.anaconda.org/conda-forge/osx-arm64/libjpeg-turbo-3.2.0-h84a0fba_0.conda#e2b4fce7cf48705dc182a0aa6c478a47b16202aeb712242caf9c9ab6a19778fa
https://conda.anaconda.org/conda-forge/osx-arm64/liblal-7.7.0-fftw_h74b92b6_104.conda#96c936c8094b246714c0a10f10bbe860c5df5ef49be6a0c07ee619487b233834
https://conda.anaconda.org/conda-forge/osx-arm64/liblalframe-3.0.7-h304a64b_2.conda#251473768849e6911555aeca629702e7f31beed8c641f3478077723c80bad3ab
https://conda.anaconda.org/conda-forge/osx-arm64/liblalsimulation-6.2.0-py313hc799c4e_3.conda#ba13c759a11a3c90c939ac1a60ca24baa13e315691885d45f4cca51306a86ff9
https://conda.anaconda.org/conda-forge/osx-arm64/liblapack-3.11.0-5_hd9741b5_openblas.conda#735a6e6f7d7da6f718b6690b7c0a8ae4815afb89138aa5793abe78128e951dbb
https://conda.anaconda.org/conda-forge/osx-arm64/liblzma-5.8.3-h8088a28_0.conda#34878d87275c298f1a732c6806349125cebbf340d24c6c23727268184bba051e
https://conda.anaconda.org/conda-forge/osx-arm64/libmpdec-4.0.0-h84a0fba_1.conda#1089c7f15d5b62c622625ec6700732ece83be8b705da8c6607f4dabb0c4bd6d2
https://conda.anaconda.org/conda-forge/osx-arm64/libnghttp2-1.68.1-h8f3e76b_0.conda#2bc7bc3978066f2c274ebcbf711850cc9ab92e023e433b9631958a098d11e10a
https://conda.anaconda.org/conda-forge/osx-arm64/libopenblas-0.3.30-openmp_hf332438_0.conda#501c8c64f1a6e6b671e49835e6c483bc25f0e7147f3eb4bbb19a4c3673dcaf28
https://conda.anaconda.org/conda-forge/osx-arm64/libpng-1.6.58-h132b30e_0.conda#66eae34546df1f098a67064970c92aa14ae7a7505091889e00468294d2882c36
https://conda.anaconda.org/conda-forge/osx-arm64/libpsl-0.22.0-h7a62e17_3.conda#b907c4288d113df898dccee15fa603630d5ce226e023ca207bd4e047b96a3d2f
https://conda.anaconda.org/conda-forge/osx-arm64/libsodium-1.0.22-h1a92334_1.conda#202be45db5726757a8ea1f374f85aacc18c504f5ff15b2558496dff4c8779c48
https://conda.anaconda.org/conda-forge/osx-arm64/libsqlite-3.53.4-h1ae2325_0.conda#745662565e103f290e9dc4263bbd88285082f8cf699854fe2d5f1e35a4a0d326
https://conda.anaconda.org/conda-forge/osx-arm64/libssh2-1.11.1-h1590b86_0.conda#8bfe837221390ffc6f111ecca24fa12d4a6325da0c8d131333d63d6c37f27e0a
https://conda.anaconda.org/conda-forge/osx-arm64/libtiff-4.7.2-h282da08_0.conda#253153cabf9469170e02b21a6bc9aa598048e7c34966b1103af52d27d2a708a4
https://conda.anaconda.org/conda-forge/osx-arm64/libwebp-base-1.6.0-h07db88b_0.conda#a4de3f371bb7ada325e1f27a4ef7bcc81b2b6a330e46fac9c2f78ac0755ea3dd
https://conda.anaconda.org/conda-forge/osx-arm64/libxcb-1.17.0-hdb1d25a_0.conda#bd3816218924b1e43b275863e21a3e13a5db4a6da74cca8e60bc3c213eb62f71
https://conda.anaconda.org/conda-forge/osx-arm64/libzlib-1.3.2-h8088a28_3.conda#a18fa5d5bac452401459f966cf0d872224e8080c4ff93c77e168d43ab42ef9d7
https://conda.anaconda.org/conda-forge/osx-arm64/ligo-segments-1.4.0-py313h90d716c_6.conda#2c007e59513530f2a63725ad3f7efa79608b44e02ee7162cc20c6d5efb59214f
https://conda.anaconda.org/conda-forge/osx-arm64/llvm-openmp-22.1.8-hc7d1edf_0.conda#ccbaad6bbc88f135ab849bc36af5fa6eda36a9ed18ce6f58e3dde3d11784c156
https://conda.anaconda.org/conda-forge/osx-arm64/markupsafe-3.0.3-py313h65a2061_1.conda#f62892a42948c61aa0a13d9a36ff811651f0a1102331223594aecf3cc042bece
https://conda.anaconda.org/conda-forge/osx-arm64/matplotlib-base-3.10.5-py313h919948c_0.conda#3942fd6b63ad0ea8a9109dd745e64091ba10bc3fa0504425c6e25633d8fcec9c
https://conda.anaconda.org/conda-forge/osx-arm64/mpc-1.4.0-h169892a_0.conda#a9774664adea222e4165efddcd902641c03c7d08fda3a83a5b0885e675ead309
https://conda.anaconda.org/conda-forge/osx-arm64/mpfr-4.2.2-h6bc93b0_0.conda#af5eca85f7ffdd403275e916f1de40a7d4b48ae138f12479523d9500c6a073ba
https://conda.anaconda.org/conda-forge/osx-arm64/ncurses-6.6-h1d4f5a5_0.conda#4ea6c620b87bd1d42bb2ccc2c87cd2483fa2d7f9e905b14c223f11ff3f4c455d
https://conda.anaconda.org/conda-forge/osx-arm64/numpy-2.3.2-py313h674b998_2.conda#f3603c74f79a9f8a67eb8f4ce4b678036ca3de6dd329657ae19a298cd956f66e
https://conda.anaconda.org/conda-forge/osx-arm64/openjpeg-2.5.4-hd9e9057_0.conda#60aca8b9f94d06b852b296c276b3cf0efba5a6eb9f25feb8708570d3a74f00e4
https://conda.anaconda.org/conda-forge/osx-arm64/openssl-3.6.3-hd24854e_0.conda#b3e3ca895c336d4eb91c5d2f244a312bdb59a0de8cfa0cc4c179225ab2f6bbfb
https://conda.anaconda.org/conda-forge/osx-arm64/pandoc-3.10.1-hce30654_0.conda#83f383f3a91ffe34432b376d47d3df95562b7259ff847f38a0907cb4c2da0f0e
https://conda.anaconda.org/conda-forge/osx-arm64/pcre2-10.44-ha881caa_2.conda#797411a2d748c11374b84329002f3c65db032cbf012b20d9b14dba9b6ac52d06
https://conda.anaconda.org/conda-forge/osx-arm64/pillow-12.3.0-py313h45e5a15_0.conda#98bd4dd560714b500ab2056664beae514993a861364dffc941bd661ab086f726
https://conda.anaconda.org/conda-forge/osx-arm64/pkg-config-0.29.2-hde07d2e_1009.conda#d82f4655b2d67fe12eefe1a3eea4cd27d33fa41dbc5e9aeab5fd6d3d2c26f18a
https://conda.anaconda.org/conda-forge/osx-arm64/psutil-7.2.2-py313h6688731_0.conda#1d2a6039fb71d61134b1d6816202529f2f6286c83b59bc1491fd288f5c08046e
https://conda.anaconda.org/conda-forge/osx-arm64/pthread-stubs-0.4-hd74edd7_1002.conda#8ed65e17fbb0ca944bfb8093b60086e3f9dd678c3448b5de212017394c247ee3
https://conda.anaconda.org/conda-forge/osx-arm64/pycbc-2.9.0-np2py313hdc65ad0_1.conda#1e6b307ebb13848468749d9c9cd6024d281b8410ca075ffcfd98a051373b2024
https://conda.anaconda.org/conda-forge/osx-arm64/pyerfa-2.0.1.5-py310hbb12772_2.conda#ec2a947d95ffb46ca3a818272c8594f195b1e74369164c46f4512b2d66f7f4c4
https://conda.anaconda.org/conda-forge/osx-arm64/python-3.13.1-h4f43103_105_cp313.conda#7d27cc8ef214abbdf7dd8a5d473e744f4bd9beb7293214a73c58e4895c2830b8
https://conda.anaconda.org/conda-forge/osx-arm64/python-lal-7.7.0-fftw_py313h14cf1bc_104.conda#7e31e56f6b8ee05ff1a1611711023d407daf957e23f66c177a3b7ffe5f2b12b6
https://conda.anaconda.org/conda-forge/osx-arm64/python-lalframe-3.0.7-py313hf5115c3_2.conda#28d1d077382e981fd8fdf1fdc5fc3df7131c1b80b7fb8893a2e428adfaf8e9ed
https://conda.anaconda.org/conda-forge/osx-arm64/python-lalsimulation-6.2.0-py313h57c69db_3.conda#4f9f8c60f4595dd8da1ec491fc194d2151ac16efbc6e1385bde11e32bc99ff2f
https://conda.anaconda.org/conda-forge/osx-arm64/python-ligo-lw-1.8.3-py313h90d716c_4.conda#ea89a93710b567ffd8cbbd792646274110f1906785b65be2d9e5e2863094ca9c
https://conda.anaconda.org/conda-forge/osx-arm64/pyyaml-6.0.2-py313ha9b7d5b_2.conda#58c41b86ff2dabcf9ccd9010973b5763ec28b14030f9e1d9b371d22b538bce73
https://conda.anaconda.org/conda-forge/osx-arm64/pyzmq-27.1.0-py312h022ad19_3.conda#086cc67ec57afb7c9c09b5e09e7356b536b5b1af6c2e97117dc022cd22f0d472
https://conda.anaconda.org/conda-forge/osx-arm64/qhull-2020.2-h420ef59_5.conda#873ac689484262a51fd79bc6103c1a1bedbf524924d7f0088fb80703042805e4
https://conda.anaconda.org/conda-forge/osx-arm64/readline-8.3-h46df422_0.conda#a77010528efb4b548ac2a4484eaf7e1c3907f2aec86123ed9c5212ae44502477
https://conda.anaconda.org/conda-forge/osx-arm64/regex-2026.7.19-py313h0997733_0.conda#0aeb4b4d3645b222e2090dab02b95b346f44fac61fb71702264ad07c6eb93427
https://conda.anaconda.org/conda-forge/osx-arm64/rpds-py-2026.6.3-py313hb9d2816_0.conda#5e35d116e8c9582f4cddc930b6d0af8e15bc704090efa3f68ca4b64f7367dbc1
https://conda.anaconda.org/conda-forge/osx-arm64/scipy-1.16.0-py313h9a24e0a_0.conda#b9ea57c3e26b1c5198c883db971463124fe9cda2da3d42954c059fe48b205151
https://conda.anaconda.org/conda-forge/osx-arm64/tk-8.6.13-hd3d0363_3.conda#47186bc7ab8d7e8bee86bbd1a917196f8c21cf63f081fc33cd6d1221af087580
https://conda.anaconda.org/conda-forge/osx-arm64/tornado-6.5.7-py313h0997733_0.conda#02c7b05be4d74da0d7329f92445646e3489634f0c3e59b26efefd846662ac20a
https://conda.anaconda.org/conda-forge/osx-arm64/xorg-libxau-1.0.12-hc919400_1.conda#adae11db0f66f86156569415ed79cda75b2dbf4bea48d1577831db701438164f
https://conda.anaconda.org/conda-forge/osx-arm64/xorg-libxdmcp-1.1.5-hc919400_1.conda#f7fa0de519d8da589995a1fe78ef74556bb8bc4172079ae3a8d20c3c81354906
https://conda.anaconda.org/conda-forge/osx-arm64/yaml-0.2.5-h925e9cb_3.conda#b03433b13d89f5567e828ea9f1a7d5c5d697bf374c28a4168d71e9464f5dafac
https://conda.anaconda.org/conda-forge/osx-arm64/zeromq-4.3.5-h10816f8_11.conda#01fd50d2801b23b59fafea6bf704a6c5faf0f5969104400eae0e6572cb2e5304
https://conda.anaconda.org/conda-forge/osx-arm64/zlib-ng-2.3.3-hed4e4f5_1.conda#a339606a6b224bb230ff3d711e801934f3b3844271df9720165e0353716580d4
https://conda.anaconda.org/conda-forge/osx-arm64/zstd-1.5.7-hbf9d68e_6.conda#9485ba49e8f47d2b597dd399e88f4802e100851b27c21d7525625b0b4025a5d9
